// !$*UTF8*$!
{
	archiveVersion = 1;
	classes = {
	};
	objectVersion = 55;
	objects = {

/* Begin PBXBuildFile section */
		5E85DB7827D2CAF600FB0FDE /* AppDelegate.swift in Sources */ = {isa = PBXBuildFile; fileRef = 5E85DB7727D2CAF600FB0FDE /* AppDelegate.swift */; };
		5E85DB7A27D2CAF600FB0FDE /* SceneDelegate.swift in Sources */ = {isa = PBXBuildFile; fileRef = 5E85DB7927D2CAF600FB0FDE /* SceneDelegate.swift */; };
		5E85DB7C27D2CAF600FB0FDE /* ViewController.swift in Sources */ = {isa = PBXBuildFile; fileRef = 5E85DB7B27D2CAF600FB0FDE /* ViewController.swift */; };
		5E85DB7F27D2CAF600FB0FDE /* Main.storyboard in Resources */ = {isa = PBXBuildFile; fileRef = 5E85DB7D27D2CAF600FB0FDE /* Main.storyboard */; };
		5E85DB8127D2CAF700FB0FDE /* Assets.xcassets in Resources */ = {isa = PBXBuildFile; fileRef = 5E85DB8027D2CAF700FB0FDE /* Assets.xcassets */; };
		5E85DB8427D2CAF700FB0FDE /* LaunchScreen.storyboard in Resources */ = {isa = PBXBuildFile; fileRef = 5E85DB8227D2CAF700FB0FDE /* LaunchScreen.storyboard */; };
		5E8B53B027D7B40F00825334 /* HomeViewController.swift in Sources */ = {isa = PBXBuildFile; fileRef = 5E8B53AF27D7B40F00825334 /* HomeViewController.swift */; };
		5EB7398B27D65B51001C5E3E /* loginViewController.swift in Sources */ = {isa = PBXBuildFile; fileRef = 5EB7398A27D65B51001C5E3E /* loginViewController.swift */; };
		5EB7398D27D65B6D001C5E3E /* signinViewController.swift in Sources */ = {isa = PBXBuildFile; fileRef = 5EB7398C27D65B6D001C5E3E /* signinViewController.swift */; };
		5EC87C2527D6C0AA00A649D8 /* FirebaseAnalytics in Frameworks */ = {isa = PBXBuildFile; productRef = 5EC87C2427D6C0AA00A649D8 /* FirebaseAnalytics */; };
		5EC87C2727D6C0AA00A649D8 /* FirebaseAnalyticsSwift-Beta in Frameworks */ = {isa = PBXBuildFile; productRef = 5EC87C2627D6C0AA00A649D8 /* FirebaseAnalyticsSwift-Beta */; };
		5EC87C2927D6C0AA00A649D8 /* FirebaseAnalyticsWithoutAdIdSupport in Frameworks */ = {isa = PBXBuildFile; productRef = 5EC87C2827D6C0AA00A649D8 /* FirebaseAnalyticsWithoutAdIdSupport */; };
		5EC87C2B27D6C0AA00A649D8 /* FirebaseAppCheck in Frameworks */ = {isa = PBXBuildFile; productRef = 5EC87C2A27D6C0AA00A649D8 /* FirebaseAppCheck */; };
		5EC87C2D27D6C0AA00A649D8 /* FirebaseAuth in Frameworks */ = {isa = PBXBuildFile; productRef = 5EC87C2C27D6C0AA00A649D8 /* FirebaseAuth */; };
		5EC87C2F27D6C0AA00A649D8 /* FirebaseAuthCombine-Community in Frameworks */ = {isa = PBXBuildFile; productRef = 5EC87C2E27D6C0AA00A649D8 /* FirebaseAuthCombine-Community */; };
		5EC87C3127D6C0AA00A649D8 /* FirebaseCrashlytics in Frameworks */ = {isa = PBXBuildFile; productRef = 5EC87C3027D6C0AA00A649D8 /* FirebaseCrashlytics */; };
		5EC87C3327D6C0AA00A649D8 /* FirebaseDatabase in Frameworks */ = {isa = PBXBuildFile; productRef = 5EC87C3227D6C0AA00A649D8 /* FirebaseDatabase */; };
		5EC87C3527D6C0AA00A649D8 /* FirebaseDatabaseSwift-Beta in Frameworks */ = {isa = PBXBuildFile; productRef = 5EC87C3427D6C0AA00A649D8 /* FirebaseDatabaseSwift-Beta */; };
		5EC87C3727D6C0AA00A649D8 /* FirebaseFirestore in Frameworks */ = {isa = PBXBuildFile; productRef = 5EC87C3627D6C0AA00A649D8 /* FirebaseFirestore */; };
		5EC87C3927D6C0AA00A649D8 /* FirebaseFirestoreCombine-Community in Frameworks */ = {isa = PBXBuildFile; productRef = 5EC87C3827D6C0AA00A649D8 /* FirebaseFirestoreCombine-Community */; };
		5EC87C3B27D6C0AA00A649D8 /* FirebaseFirestoreSwift-Beta in Frameworks */ = {isa = PBXBuildFile; productRef = 5EC87C3A27D6C0AA00A649D8 /* FirebaseFirestoreSwift-Beta */; };
		5EC87C3D27D6C3BA00A649D8 /* GoogleService-Info.plist in Resources */ = {isa = PBXBuildFile; fileRef = 5EC87C3C27D6C3BA00A649D8 /* GoogleService-Info.plist */; };
/* End PBXBuildFile section */

/* Begin PBXFileReference section */
		5E85DB7427D2CAF600FB0FDE /* FirstProject.app */ = {isa = PBXFileReference; explicitFileType = wrapper.application; includeInIndex = 0; path = FirstProject.app; sourceTree = BUILT_PRODUCTS_DIR; };
		5E85DB7727D2CAF600FB0FDE /* AppDelegate.swift */ = {isa = PBXFileReference; lastKnownFileType = sourcecode.swift; path = AppDelegate.swift; sourceTree = "<group>"; };
		5E85DB7927D2CAF600FB0FDE /* SceneDelegate.swift */ = {isa = PBXFileReference; lastKnownFileType = sourcecode.swift; path = SceneDelegate.swift; sourceTree = "<group>"; };
		5E85DB7B27D2CAF600FB0FDE /* ViewController.swift */ = {isa = PBXFileReference; lastKnownFileType = sourcecode.swift; path = ViewController.swift; sourceTree = "<group>"; };
		5E85DB7E27D2CAF600FB0FDE /* Base */ = {isa = PBXFileReference; lastKnownFileType = file.storyboard; name = Base; path = Base.lproj/Main.storyboard; sourceTree = "<group>"; };
		5E85DB8027D2CAF700FB0FDE /* Assets.xcassets */ = {isa = PBXFileReference; lastKnownFileType = folder.assetcatalog; path = Assets.xcassets; sourceTree = "<group>"; };
		5E85DB8327D2CAF700FB0FDE /* Base */ = {isa = PBXFileReference; lastKnownFileType = file.storyboard; name = Base; path = Base.lproj/LaunchScreen.storyboard; sourceTree = "<group>"; };
		5E85DB8527D2CAF700FB0FDE /* Info.plist */ = {isa = PBXFileReference; lastKnownFileType = text.plist.xml; path = Info.plist; sourceTree = "<group>"; };
		5E8B53AF27D7B40F00825334 /* HomeViewController.swift */ = {isa = PBXFileReference; lastKnownFileType = sourcecode.swift; path = HomeViewController.swift; sourceTree = "<group>"; };
		5EB7398A27D65B51001C5E3E /* loginViewController.swift */ = {isa = PBXFileReference; lastKnownFileType = sourcecode.swift; path = loginViewController.swift; sourceTree = "<group>"; };
		5EB7398C27D65B6D001C5E3E /* signinViewController.swift */ = {isa = PBXFileReference; lastKnownFileType = sourcecode.swift; path = signinViewController.swift; sourceTree = "<group>"; };
		5EC87C3C27D6C3BA00A649D8 /* GoogleService-Info.plist */ = {isa = PBXFileReference; fileEncoding = 4; lastKnownFileType = text.plist.xml; path = "GoogleService-Info.plist"; sourceTree = "<group>"; };
/* End PBXFileReference section */

/* Begin PBXFrameworksBuildPhase section */
		5E85DB7127D2CAF600FB0FDE /* Frameworks */ = {
			isa = PBXFrameworksBuildPhase;
			buildActionMask = 2147483647;
			files = (
				5EC87C2B27D6C0AA00A649D8 /* FirebaseAppCheck in Frameworks */,
				5EC87C2F27D6C0AA00A649D8 /* FirebaseAuthCombine-Community in Frameworks */,
				5EC87C2D27D6C0AA00A649D8 /* FirebaseAuth in Frameworks */,
				5EC87C3727D6C0AA00A649D8 /* FirebaseFirestore in Frameworks */,
				5EC87C3127D6C0AA00A649D8 /* FirebaseCrashlytics in Frameworks */,
				5EC87C3927D6C0AA00A649D8 /* FirebaseFirestoreCombine-Community in Frameworks */,
				5EC87C2727D6C0AA00A649D8 /* FirebaseAnalyticsSwift-Beta in Frameworks */,
				5EC87C2927D6C0AA00A649D8 /* FirebaseAnalyticsWithoutAdIdSupport in Frameworks */,
				5EC87C3527D6C0AA00A649D8 /* FirebaseDatabaseSwift-Beta in Frameworks */,
				5EC87C3B27D6C0AA00A649D8 /* FirebaseFirestoreSwift-Beta in Frameworks */,
				5EC87C3327D6C0AA00A649D8 /* FirebaseDatabase in Frameworks */,
				5EC87C2527D6C0AA00A649D8 /* FirebaseAnalytics in Frameworks */,
			);
			runOnlyForDeploymentPostprocessing = 0;
		};
/* End PBXFrameworksBuildPhase section */

/* Begin PBXGroup section */
		5E85DB6B27D2CAF600FB0FDE = {
			isa = PBXGroup;
			children = (
				5E85DB7627D2CAF600FB0FDE /* FirstProject */,
				5E85DB7527D2CAF600FB0FDE /* Products */,
			);
			sourceTree = "<group>";
		};
		5E85DB7527D2CAF600FB0FDE /* Products */ = {
			isa = PBXGroup;
			children = (
				5E85DB7427D2CAF600FB0FDE /* FirstProject.app */,
			);
			name = Products;
			sourceTree = "<group>";
		};
		5E85DB7627D2CAF600FB0FDE /* FirstProject */ = {
			isa = PBXGroup;
			children = (
				5E85DB7727D2CAF600FB0FDE /* AppDelegate.swift */,
				5E85DB7927D2CAF600FB0FDE /* SceneDelegate.swift */,
				5E85DB7B27D2CAF600FB0FDE /* ViewController.swift */,
				5E85DB7D27D2CAF600FB0FDE /* Main.storyboard */,
				5E85DB8027D2CAF700FB0FDE /* Assets.xcassets */,
				5E85DB8227D2CAF700FB0FDE /* LaunchScreen.storyboard */,
				5E85DB8527D2CAF700FB0FDE /* Info.plist */,
				5EB7398A27D65B51001C5E3E /* loginViewController.swift */,
				5EB7398C27D65B6D001C5E3E /* signinViewController.swift */,
				5E8B53AF27D7B40F00825334 /* HomeViewController.swift */,
				5EC87C3C27D6C3BA00A649D8 /* GoogleService-Info.plist */,
			);
			path = FirstProject;
			sourceTree = "<group>";
		};
/* End PBXGroup section */

/* Begin PBXNativeTarget section */
		5E85DB7327D2CAF600FB0FDE /* FirstProject */ = {
			isa = PBXNativeTarget;
			buildConfigurationList = 5E85DB8827D2CAF700FB0FDE /* Build configuration list for PBXNativeTarget "FirstProject" */;
			buildPhases = (
				5E85DB7027D2CAF600FB0FDE /* Sources */,
				5E85DB7127D2CAF600FB0FDE /* Frameworks */,
				5E85DB7227D2CAF600FB0FDE /* Resources */,
			);
			buildRules = (
			);
			dependencies = (
			);
			name = FirstProject;
			packageProductDependencies = (
				5EC87C2427D6C0AA00A649D8 /* FirebaseAnalytics */,
				5EC87C2627D6C0AA00A649D8 /* FirebaseAnalyticsSwift-Beta */,
				5EC87C2827D6C0AA00A649D8 /* FirebaseAnalyticsWithoutAdIdSupport */,
				5EC87C2A27D6C0AA00A649D8 /* FirebaseAppCheck */,
				5EC87C2C27D6C0AA00A649D8 /* FirebaseAuth */,
				5EC87C2E27D6C0AA00A649D8 /* FirebaseAuthCombine-Community */,
				5EC87C3027D6C0AA00A649D8 /* FirebaseCrashlytics */,
				5EC87C3227D6C0AA00A649D8 /* FirebaseDatabase */,
				5EC87C3427D6C0AA00A649D8 /* FirebaseDatabaseSwift-Beta */,
				5EC87C3627D6C0AA00A649D8 /* FirebaseFirestore */,
				5EC87C3827D6C0AA00A649D8 /* FirebaseFirestoreCombine-Community */,
				5EC87C3A27D6C0AA00A649D8 /* FirebaseFirestoreSwift-Beta */,
			);
			productName = FirstProject;
			productReference = 5E85DB7427D2CAF600FB0FDE /* FirstProject.app */;
			productType = "com.apple.product-type.application";
		};
/* End PBXNativeTarget section */

/* Begin PBXProject section */
		5E85DB6C27D2CAF600FB0FDE /* Project object */ = {
			isa = PBXProject;
			attributes = {
				BuildIndependentTargetsInParallel = 1;
				LastSwiftUpdateCheck = 1320;
				LastUpgradeCheck = 1320;
				TargetAttributes = {
					5E85DB7327D2CAF600FB0FDE = {
						CreatedOnToolsVersion = 13.2.1;
					};
				};
			};
			buildConfigurationList = 5E85DB6F27D2CAF600FB0FDE /* Build configuration list for PBXProject "FirstProject" */;
			compatibilityVersion = "Xcode 13.0";
			developmentRegion = en;
			hasScannedForEncodings = 0;
			knownRegions = (
				en,
				Base,
			);
			mainGroup = 5E85DB6B27D2CAF600FB0FDE;
			packageReferences = (
				5EC87C2327D6C0AA00A649D8 /* XCRemoteSwiftPackageReference "firebase-ios-sdk" */,
			);
			productRefGroup = 5E85DB7527D2CAF600FB0FDE /* Products */;
			projectDirPath = "";
			projectRoot = "";
			targets = (
				5E85DB7327D2CAF600FB0FDE /* FirstProject */,
			);
		};
/* End PBXProject section */

/* Begin PBXResourcesBuildPhase section */
		5E85DB7227D2CAF600FB0FDE /* Resources */ = {
			isa = PBXResourcesBuildPhase;
			buildActionMask = 2147483647;
			files = (
				5E85DB8427D2CAF700FB0FDE /* LaunchScreen.storyboard in Resources */,
				5EC87C3D27D6C3BA00A649D8 /* GoogleService-Info.plist in Resources */,
				5E85DB8127D2CAF700FB0FDE /* Assets.xcassets in Resources */,
				5E85DB7F27D2CAF600FB0FDE /* Main.storyboard in Resources */,
			);
			runOnlyForDeploymentPostprocessing = 0;
		};
/* End PBXResourcesBuildPhase section */

/* Begin PBXSourcesBuildPhase section */
		5E85DB7027D2CAF600FB0FDE /* Sources */ = {
			isa = PBXSourcesBuildPhase;
			buildActionMask = 2147483647;
			files = (
				5EB7398B27D65B51001C5E3E /* loginViewController.swift in Sources */,
				5EB7398D27D65B6D001C5E3E /* signinViewController.swift in Sources */,
				5E85DB7C27D2CAF600FB0FDE /* ViewController.swift in Sources */,
				5E85DB7827D2CAF600FB0FDE /* AppDelegate.swift in Sources */,
				5E85DB7A27D2CAF600FB0FDE /* SceneDelegate.swift in Sources */,
				5E8B53B027D7B40F00825334 /* HomeViewController.swift in Sources */,
			);
			runOnlyForDeploymentPostprocessing = 0;
		};
/* End PBXSourcesBuildPhase section */

/* Begin PBXVariantGroup section */
		5E85DB7D27D2CAF600FB0FDE /* Main.storyboard */ = {
			isa = PBXVariantGroup;
			children = (
				5E85DB7E27D2CAF600FB0FDE /* Base */,
			);
			name = Main.storyboard;
			sourceTree = "<group>";
		};
		5E85DB8227D2CAF700FB0FDE /* LaunchScreen.storyboard */ = {
			isa = PBXVariantGroup;
			children = (
				5E85DB8327D2CAF700FB0FDE /* Base */,
			);
			name = LaunchScreen.storyboard;
			sourceTree = "<group>";
		};
/* End PBXVariantGroup section */

/* Begin XCBuildConfiguration section */
		5E85DB8627D2CAF700FB0FDE /* Debug */ = {
			isa = XCBuildConfiguration;
			buildSettings = {
				ALWAYS_SEARCH_USER_PATHS = NO;
				CLANG_ANALYZER_NONNULL = YES;
				CLANG_ANALYZER_NUMBER_OBJECT_CONVERSION = YES_AGGRESSIVE;
				CLANG_CXX_LANGUAGE_STANDARD = "gnu++17";
				CLANG_CXX_LIBRARY = "libc++";
				CLANG_ENABLE_MODULES = YES;
				CLANG_ENABLE_OBJC_ARC = YES;
				CLANG_ENABLE_OBJC_WEAK = YES;
				CLANG_WARN_BLOCK_CAPTURE_AUTORELEASING = YES;
				CLANG_WARN_BOOL_CONVERSION = YES;
				CLANG_WARN_COMMA = YES;
				CLANG_WARN_CONSTANT_CONVERSION = YES;
				CLANG_WARN_DEPRECATED_OBJC_IMPLEMENTATIONS = YES;
				CLANG_WARN_DIRECT_OBJC_ISA_USAGE = YES_ERROR;
				CLANG_WARN_DOCUMENTATION_COMMENTS = YES;
				CLANG_WARN_EMPTY_BODY = YES;
				CLANG_WARN_ENUM_CONVERSION = YES;
				CLANG_WARN_INFINITE_RECURSION = YES;
				CLANG_WARN_INT_CONVERSION = YES;
				CLANG_WARN_NON_LITERAL_NULL_CONVERSION = YES;
				CLANG_WARN_OBJC_IMPLICIT_RETAIN_SELF = YES;
				CLANG_WARN_OBJC_LITERAL_CONVERSION = YES;
				CLANG_WARN_OBJC_ROOT_CLASS = YES_ERROR;
				CLANG_WARN_QUOTED_INCLUDE_IN_FRAMEWORK_HEADER = YES;
				CLANG_WARN_RANGE_LOOP_ANALYSIS = YES;
				CLANG_WARN_STRICT_PROTOTYPES = YES;
				CLANG_WARN_SUSPICIOUS_MOVE = YES;
				CLANG_WARN_UNGUARDED_AVAILABILITY = YES_AGGRESSIVE;
				CLANG_WARN_UNREACHABLE_CODE = YES;
				CLANG_WARN__DUPLICATE_METHOD_MATCH = YES;
				COPY_PHASE_STRIP = NO;
				DEBUG_INFORMATION_FORMAT = dwarf;
				ENABLE_STRICT_OBJC_MSGSEND = YES;
				ENABLE_TESTABILITY = YES;
				GCC_C_LANGUAGE_STANDARD = gnu11;
				GCC_DYNAMIC_NO_PIC = NO;
				GCC_NO_COMMON_BLOCKS = YES;
				GCC_OPTIMIZATION_LEVEL = 0;
				GCC_PREPROCESSOR_DEFINITIONS = (
					"DEBUG=1",
					"$(inherited)",
				);
				GCC_WARN_64_TO_32_BIT_CONVERSION = YES;
				GCC_WARN_ABOUT_RETURN_TYPE = YES_ERROR;
				GCC_WARN_UNDECLARED_SELECTOR = YES;
				GCC_WARN_UNINITIALIZED_AUTOS = YES_AGGRESSIVE;
				GCC_WARN_UNUSED_FUNCTION = YES;
				GCC_WARN_UNUSED_VARIABLE = YES;
				IPHONEOS_DEPLOYMENT_TARGET = 15.2;
				MTL_ENABLE_DEBUG_INFO = INCLUDE_SOURCE;
				MTL_FAST_MATH = YES;
				ONLY_ACTIVE_ARCH = YES;
				SDKROOT = iphoneos;
				SWIFT_ACTIVE_COMPILATION_CONDITIONS = DEBUG;
				SWIFT_OPTIMIZATION_LEVEL = "-Onone";
			};
			name = Debug;
		};
		5E85DB8727D2CAF700FB0FDE /* Release */ = {
			isa = XCBuildConfiguration;
			buildSettings = {
				ALWAYS_SEARCH_USER_PATHS = NO;
				CLANG_ANALYZER_NONNULL = YES;
				CLANG_ANALYZER_NUMBER_OBJECT_CONVERSION = YES_AGGRESSIVE;
				CLANG_CXX_LANGUAGE_STANDARD = "gnu++17";
				CLANG_CXX_LIBRARY = "libc++";
				CLANG_ENABLE_MODULES = YES;
				CLANG_ENABLE_OBJC_ARC = YES;
				CLANG_ENABLE_OBJC_WEAK = YES;
				CLANG_WARN_BLOCK_CAPTURE_AUTORELEASING = YES;
				CLANG_WARN_BOOL_CONVERSION = YES;
				CLANG_WARN_COMMA = YES;
				CLANG_WARN_CONSTANT_CONVERSION = YES;
				CLANG_WARN_DEPRECATED_OBJC_IMPLEMENTATIONS = YES;
				CLANG_WARN_DIRECT_OBJC_ISA_USAGE = YES_ERROR;
				CLANG_WARN_DOCUMENTATION_COMMENTS = YES;
				CLANG_WARN_EMPTY_BODY = YES;
				CLANG_WARN_ENUM_CONVERSION = YES;
				CLANG_WARN_INFINITE_RECURSION = YES;
				CLANG_WARN_INT_CONVERSION = YES;
				CLANG_WARN_NON_LITERAL_NULL_CONVERSION = YES;
				CLANG_WARN_OBJC_IMPLICIT_RETAIN_SELF = YES;
				CLANG_WARN_OBJC_LITERAL_CONVERSION = YES;
				CLANG_WARN_OBJC_ROOT_CLASS = YES_ERROR;
				CLANG_WARN_QUOTED_INCLUDE_IN_FRAMEWORK_HEADER = YES;
				CLANG_WARN_RANGE_LOOP_ANALYSIS = YES;
				CLANG_WARN_STRICT_PROTOTYPES = YES;
				CLANG_WARN_SUSPICIOUS_MOVE = YES;
				CLANG_WARN_UNGUARDED_AVAILABILITY = YES_AGGRESSIVE;
				CLANG_WARN_UNREACHABLE_CODE = YES;
				CLANG_WARN__DUPLICATE_METHOD_MATCH = YES;
				COPY_PHASE_STRIP = NO;
				DEBUG_INFORMATION_FORMAT = "dwarf-with-dsym";
				ENABLE_NS_ASSERTIONS = NO;
				ENABLE_STRICT_OBJC_MSGSEND = YES;
				GCC_C_LANGUAGE_STANDARD = gnu11;
				GCC_NO_COMMON_BLOCKS = YES;
				GCC_WARN_64_TO_32_BIT_CONVERSION = YES;
				GCC_WARN_ABOUT_RETURN_TYPE = YES_ERROR;
				GCC_WARN_UNDECLARED_SELECTOR = YES;
				GCC_WARN_UNINITIALIZED_AUTOS = YES_AGGRESSIVE;
				GCC_WARN_UNUSED_FUNCTION = YES;
				GCC_WARN_UNUSED_VARIABLE = YES;
				IPHONEOS_DEPLOYMENT_TARGET = 15.2;
				MTL_ENABLE_DEBUG_INFO = NO;
				MTL_FAST_MATH = YES;
				SDKROOT = iphoneos;
				SWIFT_COMPILATION_MODE = wholemodule;
				SWIFT_OPTIMIZATION_LEVEL = "-O";
				VALIDATE_PRODUCT = YES;
			};
			name = Release;
		};
		5E85DB8927D2CAF700FB0FDE /* Debug */ = {
			isa = XCBuildConfiguration;
			buildSettings = {
				ASSETCATALOG_COMPILER_APPICON_NAME = AppIcon;
				ASSETCATALOG_COMPILER_GLOBAL_ACCENT_COLOR_NAME = AccentColor;
				CODE_SIGN_STYLE = Automatic;
				CURRENT_PROJECT_VERSION = 1;
				DEVELOPMENT_TEAM = 49SJ53BR9J;
				GENERATE_INFOPLIST_FILE = YES;
				INFOPLIST_FILE = FirstProject/Info.plist;
				INFOPLIST_KEY_UIApplicationSupportsIndirectInputEvents = YES;
				INFOPLIST_KEY_UILaunchStoryboardName = LaunchScreen;
				INFOPLIST_KEY_UIMainStoryboardFile = Main;
				INFOPLIST_KEY_UISupportedInterfaceOrientations_iPad = "UIInterfaceOrientationPortrait UIInterfaceOrientationPortraitUpsideDown UIInterfaceOrientationLandscapeLeft UIInterfaceOrientationLandscapeRight";
				INFOPLIST_KEY_UISupportedInterfaceOrientations_iPhone = "UIInterfaceOrientationPortrait UIInterfaceOrientationLandscapeLeft UIInterfaceOrientationLandscapeRight";
				LD_RUNPATH_SEARCH_PATHS = (
					"$(inherited)",
					"@executable_path/Frameworks",
				);
				MARKETING_VERSION = 1.0;
				PRODUCT_BUNDLE_IDENTIFIER = allegro.com.FirstProject;
				PRODUCT_NAME = "$(TARGET_NAME)";
				SWIFT_EMIT_LOC_STRINGS = YES;
				SWIFT_VERSION = 5.0;
				TARGETED_DEVICE_FAMILY = "1,2";
			};
			name = Debug;
		};
		5E85DB8A27D2CAF700FB0FDE /* Release */ = {
			isa = XCBuildConfiguration;
			buildSettings = {
				ASSETCATALOG_COMPILER_APPICON_NAME = AppIcon;
				ASSETCATALOG_COMPILER_GLOBAL_ACCENT_COLOR_NAME = AccentColor;
				CODE_SIGN_STYLE = Automatic;
				CURRENT_PROJECT_VERSION = 1;
				DEVELOPMENT_TEAM = 49SJ53BR9J;
				GENERATE_INFOPLIST_FILE = YES;
				INFOPLIST_FILE = FirstProject/Info.plist;
				INFOPLIST_KEY_UIApplicationSupportsIndirectInputEvents = YES;
				INFOPLIST_KEY_UILaunchStoryboardName = LaunchScreen;
				INFOPLIST_KEY_UIMainStoryboardFile = Main;
				INFOPLIST_KEY_UISupportedInterfaceOrientations_iPad = "UIInterfaceOrientationPortrait UIInterfaceOrientationPortraitUpsideDown UIInterfaceOrientationLandscapeLeft UIInterfaceOrientationLandscapeRight";
				INFOPLIST_KEY_UISupportedInterfaceOrientations_iPhone = "UIInterfaceOrientationPortrait UIInterfaceOrientationLandscapeLeft UIInterfaceOrientationLandscapeRight";
				LD_RUNPATH_SEARCH_PATHS = (
					"$(inherited)",
					"@executable_path/Frameworks",
				);
				MARKETING_VERSION = 1.0;
				PRODUCT_BUNDLE_IDENTIFIER = allegro.com.FirstProject;
				PRODUCT_NAME = "$(TARGET_NAME)";
				SWIFT_EMIT_LOC_STRINGS = YES;
				SWIFT_VERSION = 5.0;
				TARGETED_DEVICE_FAMILY = "1,2";
			};
			name = Release;
		};
/* End XCBuildConfiguration section */

/* Begin XCConfigurationList section */
		5E85DB6F27D2CAF600FB0FDE /* Build configuration list for PBXProject "FirstProject" */ = {
			isa = XCConfigurationList;
			buildConfigurations = (
				5E85DB8627D2CAF700FB0FDE /* Debug */,
				5E85DB8727D2CAF700FB0FDE /* Release */,
			);
			defaultConfigurationIsVisible = 0;
			defaultConfigurationName = Release;
		};
		5E85DB8827D2CAF700FB0FDE /* Build configuration list for PBXNativeTarget "FirstProject" */ = {
			isa = XCConfigurationList;
			buildConfigurations = (
				5E85DB8927D2CAF700FB0FDE /* Debug */,
				5E85DB8A27D2CAF700FB0FDE /* Release */,
			);
			defaultConfigurationIsVisible = 0;
			defaultConfigurationName = Release;
		};
/* End XCConfigurationList section */

/* Begin XCRemoteSwiftPackageReference section */
		5EC87C2327D6C0AA00A649D8 /* XCRemoteSwiftPackageReference "firebase-ios-sdk" */ = {
			isa = XCRemoteSwiftPackageReference;
			repositoryURL = "https://github.com/firebase/firebase-ios-sdk";
			requirement = {
				kind = upToNextMajorVersion;
				minimumVersion = 8.0.0;
			};
		};
/* End XCRemoteSwiftPackageReference section */

/* Begin XCSwiftPackageProductDependency section */
		5EC87C2427D6C0AA00A649D8 /* FirebaseAnalytics */ = {
			isa = XCSwiftPackageProductDependency;
			package = 5EC87C2327D6C0AA00A649D8 /* XCRemoteSwiftPackageReference "firebase-ios-sdk" */;
			productName = FirebaseAnalytics;
		};
		5EC87C2627D6C0AA00A649D8 /* FirebaseAnalyticsSwift-Beta */ = {
			isa = XCSwiftPackageProductDependency;
			package = 5EC87C2327D6C0AA00A649D8 /* XCRemoteSwiftPackageReference "firebase-ios-sdk" */;
			productName = "FirebaseAnalyticsSwift-Beta";
		};
		5EC87C2827D6C0AA00A649D8 /* FirebaseAnalyticsWithoutAdIdSupport */ = {
			isa = XCSwiftPackageProductDependency;
			package = 5EC87C2327D6C0AA00A649D8 /* XCRemoteSwiftPackageReference "firebase-ios-sdk" */;
			productName = FirebaseAnalyticsWithoutAdIdSupport;
		};
		5EC87C2A27D6C0AA00A649D8 /* FirebaseAppCheck */ = {
			isa = XCSwiftPackageProductDependency;
			package = 5EC87C2327D6C0AA00A649D8 /* XCRemoteSwiftPackageReference "firebase-ios-sdk" */;
			productName = FirebaseAppCheck;
		};
		5EC87C2C27D6C0AA00A649D8 /* FirebaseAuth */ = {
			isa = XCSwiftPackageProductDependency;
			package = 5EC87C2327D6C0AA00A649D8 /* XCRemoteSwiftPackageReference "firebase-ios-sdk" */;
			productName = FirebaseAuth;
		};
		5EC87C2E27D6C0AA00A649D8 /* FirebaseAuthCombine-Community */ = {
			isa = XCSwiftPackageProductDependency;
			package = 5EC87C2327D6C0AA00A649D8 /* XCRemoteSwiftPackageReference "firebase-ios-sdk" */;
			productName = "FirebaseAuthCombine-Community";
		};
		5EC87C3027D6C0AA00A649D8 /* FirebaseCrashlytics */ = {
			isa = XCSwiftPackageProductDependency;
			package = 5EC87C2327D6C0AA00A649D8 /* XCRemoteSwiftPackageReference "firebase-ios-sdk" */;
			productName = FirebaseCrashlytics;
		};
		5EC87C3227D6C0AA00A649D8 /* FirebaseDatabase */ = {
			isa = XCSwiftPackageProductDependency;
			package = 5EC87C2327D6C0AA00A649D8 /* XCRemoteSwiftPackageReference "firebase-ios-sdk" */;
			productName = FirebaseDatabase;
		};
		5EC87C3427D6C0AA00A649D8 /* FirebaseDatabaseSwift-Beta */ = {
			isa = XCSwiftPackageProductDependency;
			package = 5EC87C2327D6C0AA00A649D8 /* XCRemoteSwiftPackageReference "firebase-ios-sdk" */;
			productName = "FirebaseDatabaseSwift-Beta";
		};
		5EC87C3627D6C0AA00A649D8 /* FirebaseFirestore */ = {
			isa = XCSwiftPackageProductDependency;
			package = 5EC87C2327D6C0AA00A649D8 /* XCRemoteSwiftPackageReference "firebase-ios-sdk" */;
			productName = FirebaseFirestore;
		};
		5EC87C3827D6C0AA00A649D8 /* FirebaseFirestoreCombine-Community */ = {
			isa = XCSwiftPackageProductDependency;
			package = 5EC87C2327D6C0AA00A649D8 /* XCRemoteSwiftPackageReference "firebase-ios-sdk" */;
			productName = "FirebaseFirestoreCombine-Community";
		};
		5EC87C3A27D6C0AA00A649D8 /* FirebaseFirestoreSwift-Beta */ = {
			isa = XCSwiftPackageProductDependency;
			package = 5EC87C2327D6C0AA00A649D8 /* XCRemoteSwiftPackageReference "firebase-ios-sdk" */;
			productName = "FirebaseFirestoreSwift-Beta";
		};
/* End XCSwiftPackageProductDependency section */
	};
	rootObject = 5E85DB6C27D2CAF600FB0FDE /* Project object */;
}
